{
  "originHash" : "be4d1864dbe2f7d448da3f48c5684400830182ba31395edc93a693caa974e114",
  "pins" : [
    {
      "identity" : "twilio-voice-ios",
      "kind" : "remoteSourceControl",
      "location" : "https://github.com/twilio/twilio-voice-ios",
      "state" : {
        "revision" : "3ed0ffc22ba8fd460195b005bfcf56552f605e6a",
        "version" : "6.13.4"
      }
    }
  ],
  "version" : 3
}
