{
  "pins" : [
    {
      "identity" : "twilio-voice-ios",
      "kind" : "remoteSourceControl",
      "location" : "https://github.com/twilio/twilio-voice-ios",
      "state" : {
        "revision" : "dad629fd2c9a3e05ded749f16384b4fa8fa0fc48",
        "version" : "6.8.0"
      }
    }
  ],
  "version" : 2
}
