// !$*UTF8*$!
{
	archiveVersion = 1;
	classes = {
	};
	objectVersion = 52;
	objects = {

/* Begin PBXBuildFile section */
		2459FDCB1D83664300917CA9 /* main.m in Sources */ = {isa = PBXBuildFile; fileRef = 2459FDCA1D83664300917CA9 /* main.m */; };
		2459FDCE1D83664300917CA9 /* AppDelegate.m in Sources */ = {isa = PBXBuildFile; fileRef = 2459FDCD1D83664300917CA9 /* AppDelegate.m */; };
		2459FDD11D83664300917CA9 /* ViewController.m in Sources */ = {isa = PBXBuildFile; fileRef = 2459FDD01D83664300917CA9 /* ViewController.m */; };
		2459FDD41D83664300917CA9 /* Main.storyboard in Resources */ = {isa = PBXBuildFile; fileRef = 2459FDD21D83664300917CA9 /* Main.storyboard */; };
		2459FDD61D83664300917CA9 /* Assets.xcassets in Resources */ = {isa = PBXBuildFile; fileRef = 2459FDD51D83664300917CA9 /* Assets.xcassets */; };
		2459FDD91D83664300917CA9 /* LaunchScreen.storyboard in Resources */ = {isa = PBXBuildFile; fileRef = 2459FDD71D83664300917CA9 /* LaunchScreen.storyboard */; };
		24BA34291D87431000B0B4F7 /* TwilioLogo.png in Resources */ = {isa = PBXBuildFile; fileRef = 24BA34281D87431000B0B4F7 /* TwilioLogo.png */; };
		8F03119025C8B2B200DE2236 /* TwilioVoice in Frameworks */ = {isa = PBXBuildFile; productRef = 8F03118F25C8B2B200DE2236 /* TwilioVoice */; };
/* End PBXBuildFile section */

/* Begin PBXFileReference section */
		2459FDC61D83664300917CA9 /* ObjCVoiceQuickstart.app */ = {isa = PBXFileReference; explicitFileType = wrapper.application; includeInIndex = 0; path = ObjCVoiceQuickstart.app; sourceTree = BUILT_PRODUCTS_DIR; };
		2459FDCA1D83664300917CA9 /* main.m */ = {isa = PBXFileReference; lastKnownFileType = sourcecode.c.objc; path = main.m; sourceTree = "<group>"; };
		2459FDCC1D83664300917CA9 /* AppDelegate.h */ = {isa = PBXFileReference; lastKnownFileType = sourcecode.c.h; path = AppDelegate.h; sourceTree = "<group>"; };
		2459FDCD1D83664300917CA9 /* AppDelegate.m */ = {isa = PBXFileReference; lastKnownFileType = sourcecode.c.objc; path = AppDelegate.m; sourceTree = "<group>"; };
		2459FDCF1D83664300917CA9 /* ViewController.h */ = {isa = PBXFileReference; lastKnownFileType = sourcecode.c.h; path = ViewController.h; sourceTree = "<group>"; };
		2459FDD01D83664300917CA9 /* ViewController.m */ = {isa = PBXFileReference; lastKnownFileType = sourcecode.c.objc; path = ViewController.m; sourceTree = "<group>"; };
		2459FDD31D83664300917CA9 /* Base */ = {isa = PBXFileReference; lastKnownFileType = file.storyboard; name = Base; path = Base.lproj/Main.storyboard; sourceTree = "<group>"; };
		2459FDD51D83664300917CA9 /* Assets.xcassets */ = {isa = PBXFileReference; lastKnownFileType = folder.assetcatalog; path = Assets.xcassets; sourceTree = "<group>"; };
		2459FDD81D83664300917CA9 /* Base */ = {isa = PBXFileReference; lastKnownFileType = file.storyboard; name = Base; path = Base.lproj/LaunchScreen.storyboard; sourceTree = "<group>"; };
		2459FDDA1D83664300917CA9 /* Info.plist */ = {isa = PBXFileReference; lastKnownFileType = text.plist.xml; path = Info.plist; sourceTree = "<group>"; };
		24BA34241D87269500B0B4F7 /* ObjCVoiceQuickstart.entitlements */ = {isa = PBXFileReference; lastKnownFileType = text.plist.entitlements; path = ObjCVoiceQuickstart.entitlements; sourceTree = "<group>"; };
		24BA34281D87431000B0B4F7 /* TwilioLogo.png */ = {isa = PBXFileReference; lastKnownFileType = image.png; path = TwilioLogo.png; sourceTree = "<group>"; };
		8F6BABF523973FE80030BE4F /* ringtone.wav */ = {isa = PBXFileReference; lastKnownFileType = audio.wav; path = ringtone.wav; sourceTree = "<group>"; };
/* End PBXFileReference section */

/* Begin PBXFrameworksBuildPhase section */
		2459FDC31D83664300917CA9 /* Frameworks */ = {
			isa = PBXFrameworksBuildPhase;
			buildActionMask = 2147483647;
			files = (
				8F03119025C8B2B200DE2236 /* TwilioVoice in Frameworks */,
			);
			runOnlyForDeploymentPostprocessing = 0;
		};
/* End PBXFrameworksBuildPhase section */

/* Begin PBXGroup section */
		2459FDBD1D83664300917CA9 = {
			isa = PBXGroup;
			children = (
				2459FDC81D83664300917CA9 /* ObjCVoiceQuickstart */,
				2459FDC71D83664300917CA9 /* Products */,
				5FF12A4D246637936B670360 /* Frameworks */,
				8F6BABF423973FE80030BE4F /* ringtone */,
			);
			sourceTree = "<group>";
		};
		2459FDC71D83664300917CA9 /* Products */ = {
			isa = PBXGroup;
			children = (
				2459FDC61D83664300917CA9 /* ObjCVoiceQuickstart.app */,
			);
			name = Products;
			sourceTree = "<group>";
		};
		2459FDC81D83664300917CA9 /* ObjCVoiceQuickstart */ = {
			isa = PBXGroup;
			children = (
				24BA34241D87269500B0B4F7 /* ObjCVoiceQuickstart.entitlements */,
				2459FDCC1D83664300917CA9 /* AppDelegate.h */,
				2459FDCD1D83664300917CA9 /* AppDelegate.m */,
				2459FDCF1D83664300917CA9 /* ViewController.h */,
				2459FDD01D83664300917CA9 /* ViewController.m */,
				2459FDD21D83664300917CA9 /* Main.storyboard */,
				2459FDD51D83664300917CA9 /* Assets.xcassets */,
				24BA34281D87431000B0B4F7 /* TwilioLogo.png */,
				2459FDD71D83664300917CA9 /* LaunchScreen.storyboard */,
				2459FDDA1D83664300917CA9 /* Info.plist */,
				2459FDC91D83664300917CA9 /* Supporting Files */,
			);
			path = ObjCVoiceQuickstart;
			sourceTree = "<group>";
		};
		2459FDC91D83664300917CA9 /* Supporting Files */ = {
			isa = PBXGroup;
			children = (
				2459FDCA1D83664300917CA9 /* main.m */,
			);
			name = "Supporting Files";
			sourceTree = "<group>";
		};
		5FF12A4D246637936B670360 /* Frameworks */ = {
			isa = PBXGroup;
			children = (
			);
			name = Frameworks;
			sourceTree = "<group>";
		};
		8F6BABF423973FE80030BE4F /* ringtone */ = {
			isa = PBXGroup;
			children = (
				8F6BABF523973FE80030BE4F /* ringtone.wav */,
			);
			path = ringtone;
			sourceTree = "<group>";
		};
/* End PBXGroup section */

/* Begin PBXNativeTarget section */
		2459FDC51D83664300917CA9 /* ObjCVoiceQuickstart */ = {
			isa = PBXNativeTarget;
			buildConfigurationList = 2459FDDD1D83664300917CA9 /* Build configuration list for PBXNativeTarget "ObjCVoiceQuickstart" */;
			buildPhases = (
				2459FDC21D83664300917CA9 /* Sources */,
				2459FDC31D83664300917CA9 /* Frameworks */,
				2459FDC41D83664300917CA9 /* Resources */,
			);
			buildRules = (
			);
			dependencies = (
			);
			name = ObjCVoiceQuickstart;
			packageProductDependencies = (
				8F03118F25C8B2B200DE2236 /* TwilioVoice */,
			);
			productName = ObjCVoiceQuickstart;
			productReference = 2459FDC61D83664300917CA9 /* ObjCVoiceQuickstart.app */;
			productType = "com.apple.product-type.application";
		};
/* End PBXNativeTarget section */

/* Begin PBXProject section */
		2459FDBE1D83664300917CA9 /* Project object */ = {
			isa = PBXProject;
			attributes = {
				LastUpgradeCheck = 0800;
				ORGANIZATIONNAME = "Twilio, Inc.";
				TargetAttributes = {
					2459FDC51D83664300917CA9 = {
						CreatedOnToolsVersion = 8.0;
						ProvisioningStyle = Automatic;
						SystemCapabilities = {
							com.apple.BackgroundModes = {
								enabled = 1;
							};
							com.apple.Push = {
								enabled = 1;
							};
						};
					};
				};
			};
			buildConfigurationList = 2459FDC11D83664300917CA9 /* Build configuration list for PBXProject "ObjcVoiceQuickstart" */;
			compatibilityVersion = "Xcode 3.2";
			developmentRegion = English;
			hasScannedForEncodings = 0;
			knownRegions = (
				English,
				en,
				Base,
			);
			mainGroup = 2459FDBD1D83664300917CA9;
			packageReferences = (
				8F03118E25C8B2B200DE2236 /* XCRemoteSwiftPackageReference "twilio-voice-ios" */,
			);
			productRefGroup = 2459FDC71D83664300917CA9 /* Products */;
			projectDirPath = "";
			projectRoot = "";
			targets = (
				2459FDC51D83664300917CA9 /* ObjCVoiceQuickstart */,
			);
		};
/* End PBXProject section */

/* Begin PBXResourcesBuildPhase section */
		2459FDC41D83664300917CA9 /* Resources */ = {
			isa = PBXResourcesBuildPhase;
			buildActionMask = 2147483647;
			files = (
				2459FDD91D83664300917CA9 /* LaunchScreen.storyboard in Resources */,
				2459FDD61D83664300917CA9 /* Assets.xcassets in Resources */,
				24BA34291D87431000B0B4F7 /* TwilioLogo.png in Resources */,
				2459FDD41D83664300917CA9 /* Main.storyboard in Resources */,
			);
			runOnlyForDeploymentPostprocessing = 0;
		};
/* End PBXResourcesBuildPhase section */

/* Begin PBXSourcesBuildPhase section */
		2459FDC21D83664300917CA9 /* Sources */ = {
			isa = PBXSourcesBuildPhase;
			buildActionMask = 2147483647;
			files = (
				2459FDD11D83664300917CA9 /* ViewController.m in Sources */,
				2459FDCE1D83664300917CA9 /* AppDelegate.m in Sources */,
				2459FDCB1D83664300917CA9 /* main.m in Sources */,
			);
			runOnlyForDeploymentPostprocessing = 0;
		};
/* End PBXSourcesBuildPhase section */

/* Begin PBXVariantGroup section */
		2459FDD21D83664300917CA9 /* Main.storyboard */ = {
			isa = PBXVariantGroup;
			children = (
				2459FDD31D83664300917CA9 /* Base */,
			);
			name = Main.storyboard;
			sourceTree = "<group>";
		};
		2459FDD71D83664300917CA9 /* LaunchScreen.storyboard */ = {
			isa = PBXVariantGroup;
			children = (
				2459FDD81D83664300917CA9 /* Base */,
			);
			name = LaunchScreen.storyboard;
			sourceTree = "<group>";
		};
/* End PBXVariantGroup section */

/* Begin XCBuildConfiguration section */
		2459FDDB1D83664300917CA9 /* Debug */ = {
			isa = XCBuildConfiguration;
			buildSettings = {
				ALWAYS_SEARCH_USER_PATHS = NO;
				CLANG_ANALYZER_NONNULL = YES;
				CLANG_CXX_LANGUAGE_STANDARD = "gnu++0x";
				CLANG_CXX_LIBRARY = "libc++";
				CLANG_ENABLE_MODULES = YES;
				CLANG_ENABLE_OBJC_ARC = YES;
				CLANG_WARN_BOOL_CONVERSION = YES;
				CLANG_WARN_CONSTANT_CONVERSION = YES;
				CLANG_WARN_DIRECT_OBJC_ISA_USAGE = YES_ERROR;
				CLANG_WARN_DOCUMENTATION_COMMENTS = YES;
				CLANG_WARN_EMPTY_BODY = YES;
				CLANG_WARN_ENUM_CONVERSION = YES;
				CLANG_WARN_INFINITE_RECURSION = YES;
				CLANG_WARN_INT_CONVERSION = YES;
				CLANG_WARN_OBJC_ROOT_CLASS = YES_ERROR;
				CLANG_WARN_SUSPICIOUS_MOVES = YES;
				CLANG_WARN_UNREACHABLE_CODE = YES;
				CLANG_WARN__DUPLICATE_METHOD_MATCH = YES;
				"CODE_SIGN_IDENTITY[sdk=iphoneos*]" = "iPhone Developer";
				COPY_PHASE_STRIP = NO;
				DEBUG_INFORMATION_FORMAT = dwarf;
				ENABLE_STRICT_OBJC_MSGSEND = YES;
				ENABLE_TESTABILITY = YES;
				GCC_C_LANGUAGE_STANDARD = gnu99;
				GCC_DYNAMIC_NO_PIC = NO;
				GCC_NO_COMMON_BLOCKS = YES;
				GCC_OPTIMIZATION_LEVEL = 0;
				GCC_PREPROCESSOR_DEFINITIONS = (
					"DEBUG=1",
					"$(inherited)",
				);
				GCC_WARN_64_TO_32_BIT_CONVERSION = YES;
				GCC_WARN_ABOUT_RETURN_TYPE = YES_ERROR;
				GCC_WARN_UNDECLARED_SELECTOR = YES;
				GCC_WARN_UNINITIALIZED_AUTOS = YES_AGGRESSIVE;
				GCC_WARN_UNUSED_FUNCTION = YES;
				GCC_WARN_UNUSED_VARIABLE = YES;
				IPHONEOS_DEPLOYMENT_TARGET = 11.0;
				MTL_ENABLE_DEBUG_INFO = YES;
				ONLY_ACTIVE_ARCH = YES;
				SDKROOT = iphoneos;
				TARGETED_DEVICE_FAMILY = "1,2";
			};
			name = Debug;
		};
		2459FDDC1D83664300917CA9 /* Release */ = {
			isa = XCBuildConfiguration;
			buildSettings = {
				ALWAYS_SEARCH_USER_PATHS = NO;
				CLANG_ANALYZER_NONNULL = YES;
				CLANG_CXX_LANGUAGE_STANDARD = "gnu++0x";
				CLANG_CXX_LIBRARY = "libc++";
				CLANG_ENABLE_MODULES = YES;
				CLANG_ENABLE_OBJC_ARC = YES;
				CLANG_WARN_BOOL_CONVERSION = YES;
				CLANG_WARN_CONSTANT_CONVERSION = YES;
				CLANG_WARN_DIRECT_OBJC_ISA_USAGE = YES_ERROR;
				CLANG_WARN_DOCUMENTATION_COMMENTS = YES;
				CLANG_WARN_EMPTY_BODY = YES;
				CLANG_WARN_ENUM_CONVERSION = YES;
				CLANG_WARN_INFINITE_RECURSION = YES;
				CLANG_WARN_INT_CONVERSION = YES;
				CLANG_WARN_OBJC_ROOT_CLASS = YES_ERROR;
				CLANG_WARN_SUSPICIOUS_MOVES = YES;
				CLANG_WARN_UNREACHABLE_CODE = YES;
				CLANG_WARN__DUPLICATE_METHOD_MATCH = YES;
				"CODE_SIGN_IDENTITY[sdk=iphoneos*]" = "iPhone Developer";
				COPY_PHASE_STRIP = NO;
				DEBUG_INFORMATION_FORMAT = "dwarf-with-dsym";
				ENABLE_NS_ASSERTIONS = NO;
				ENABLE_STRICT_OBJC_MSGSEND = YES;
				GCC_C_LANGUAGE_STANDARD = gnu99;
				GCC_NO_COMMON_BLOCKS = YES;
				GCC_WARN_64_TO_32_BIT_CONVERSION = YES;
				GCC_WARN_ABOUT_RETURN_TYPE = YES_ERROR;
				GCC_WARN_UNDECLARED_SELECTOR = YES;
				GCC_WARN_UNINITIALIZED_AUTOS = YES_AGGRESSIVE;
				GCC_WARN_UNUSED_FUNCTION = YES;
				GCC_WARN_UNUSED_VARIABLE = YES;
				IPHONEOS_DEPLOYMENT_TARGET = 11.0;
				MTL_ENABLE_DEBUG_INFO = NO;
				SDKROOT = iphoneos;
				TARGETED_DEVICE_FAMILY = "1,2";
				VALIDATE_PRODUCT = YES;
			};
			name = Release;
		};
		2459FDDE1D83664300917CA9 /* Debug */ = {
			isa = XCBuildConfiguration;
			buildSettings = {
				ASSETCATALOG_COMPILER_APPICON_NAME = AppIcon;
				CODE_SIGN_ENTITLEMENTS = ObjCVoiceQuickstart/ObjCVoiceQuickstart.entitlements;
				INFOPLIST_FILE = "$(SRCROOT)/ObjCVoiceQuickstart/Info.plist";
				LD_RUNPATH_SEARCH_PATHS = (
					"$(inherited)",
					"@executable_path/Frameworks",
				);
				PRODUCT_BUNDLE_IDENTIFIER = com.twilio.ObjCVoiceQuickstart;
				PRODUCT_NAME = "$(TARGET_NAME)";
			};
			name = Debug;
		};
		2459FDDF1D83664300917CA9 /* Release */ = {
			isa = XCBuildConfiguration;
			buildSettings = {
				ASSETCATALOG_COMPILER_APPICON_NAME = AppIcon;
				CODE_SIGN_ENTITLEMENTS = ObjCVoiceQuickstart/ObjCVoiceQuickstart.entitlements;
				INFOPLIST_FILE = "$(SRCROOT)/ObjCVoiceQuickstart/Info.plist";
				LD_RUNPATH_SEARCH_PATHS = (
					"$(inherited)",
					"@executable_path/Frameworks",
				);
				PRODUCT_BUNDLE_IDENTIFIER = com.twilio.ObjCVoiceQuickstart;
				PRODUCT_NAME = "$(TARGET_NAME)";
			};
			name = Release;
		};
/* End XCBuildConfiguration section */

/* Begin XCConfigurationList section */
		2459FDC11D83664300917CA9 /* Build configuration list for PBXProject "ObjcVoiceQuickstart" */ = {
			isa = XCConfigurationList;
			buildConfigurations = (
				2459FDDB1D83664300917CA9 /* Debug */,
				2459FDDC1D83664300917CA9 /* Release */,
			);
			defaultConfigurationIsVisible = 0;
			defaultConfigurationName = Release;
		};
		2459FDDD1D83664300917CA9 /* Build configuration list for PBXNativeTarget "ObjCVoiceQuickstart" */ = {
			isa = XCConfigurationList;
			buildConfigurations = (
				2459FDDE1D83664300917CA9 /* Debug */,
				2459FDDF1D83664300917CA9 /* Release */,
			);
			defaultConfigurationIsVisible = 0;
			defaultConfigurationName = Release;
		};
/* End XCConfigurationList section */

/* Begin XCRemoteSwiftPackageReference section */
		8F03118E25C8B2B200DE2236 /* XCRemoteSwiftPackageReference "twilio-voice-ios" */ = {
			isa = XCRemoteSwiftPackageReference;
			repositoryURL = "https://github.com/twilio/twilio-voice-ios";
			requirement = {
				kind = upToNextMajorVersion;
				minimumVersion = 6.2.0;
			};
		};
/* End XCRemoteSwiftPackageReference section */

/* Begin XCSwiftPackageProductDependency section */
		8F03118F25C8B2B200DE2236 /* TwilioVoice */ = {
			isa = XCSwiftPackageProductDependency;
			package = 8F03118E25C8B2B200DE2236 /* XCRemoteSwiftPackageReference "twilio-voice-ios" */;
			productName = TwilioVoice;
		};
/* End XCSwiftPackageProductDependency section */
	};
	rootObject = 2459FDBE1D83664300917CA9 /* Project object */;
}
